# This file is autogenerated, do not edit; changes may be undone by the next 'dep ensure'.


[[projects]]
  branch = "master"
  name = "github.com/buger/jsonparser"
  packages = ["."]
  revision = "2cac668e8456b4284edb0715e17e2af02d3ec993"

[[projects]]
  branch = "master"
  name = "github.com/fluffle/goirc"
  packages = [
    "client",
    "logging",
    "state"
  ]
  revision = "fc1dfa1ceb8897bcaa5231b560b9319591d4ab0a"

[[projects]]
  name = "github.com/golang/mock"
  packages = ["gomock"]
  revision = "13f360950a79f5864a972c786a10a50e44b69541"
  version = "v1.0.0"

[[projects]]
  name = "github.com/mattn/go-runewidth"
  packages = ["."]
  revision = "9e777a8366cce605130a531d2cd6363d07ad7317"
  version = "v0.0.2"

[[projects]]
  branch = "master"
  name = "github.com/nsf/termbox-go"
  packages = ["."]
  revision = "e2050e41c8847748ec5288741c0b19a8cb26d084"

[[projects]]
  branch = "master"
  name = "github.com/simplyserenity/twitchOAuth"
  packages = ["."]
  revision = "c4c786957bf721e0006597d83b5a6e847d003105"

[[projects]]
  branch = "master"
  name = "github.com/skratchdot/open-golang"
  packages = ["open"]
  revision = "75fb7ed4208cf72d323d7d02fd1a5964a7a9073c"

[[projects]]
  branch = "master"
  name = "golang.org/x/net"
  packages = ["proxy"]
  revision = "b68f30494add4df6bd8ef5e82803f308e7f7c59c"

[solve-meta]
  analyzer-name = "dep"
  analyzer-version = 1
  inputs-digest = "46bde134481d685896b879b8c40372de7cefa0ab35ab53d2391a8e1c997cd558"
  solver-name = "gps-cdcl"
  solver-version = 1
